
Microsoft Visual Studio Solution File, Format Version 12.00
# Visual Studio Version 17
VisualStudioVersion = 17.0.32112.339
MinimumVisualStudioVersion = 10.0.40219.1
Project("{9A19103F-16F7-4668-BE54-9A1E7A4F7556}") = "WebAPI_1", "WebAPI_1\WebAPI_1.csproj", "{90D3F932-D42F-476A-9B6E-CFF9A05860D2}"
EndProject
Project("{9A19103F-16F7-4668-BE54-9A1E7A4F7556}") = "WebAPI_4", "WebAPI_4\WebAPI_4.csproj", "{B474AE70-3449-4FE1-8AF5-7BFD30BBC5C8}"
EndProject
Project("{9A19103F-16F7-4668-BE54-9A1E7A4F7556}") = "WebAPI_2", "WebAPI_2\WebAPI_2.csproj", "{B02FFAAD-B0AF-4266-9A4C-98811E914600}"
EndProject
Project("{9A19103F-16F7-4668-BE54-9A1E7A4F7556}") = "WebAPI_3", "WebAPI_3\WebAPI_3.csproj", "{AE0F3306-B1EC-4EC9-8202-2ABEB1F40984}"
EndProject
Project("{9A19103F-16F7-4668-BE54-9A1E7A4F7556}") = "CommonStructures", "CommonStructures\CommonStructures.csproj", "{7946B30A-1BBD-4E33-A1F2-5A4163FF13F6}"
EndProject
Project("{9A19103F-16F7-4668-BE54-9A1E7A4F7556}") = "WebApiUnitTests", "WebApiUnitTests\WebApiUnitTests.csproj", "{3BDDA5EB-7C54-442C-B9FB-35E8C2A2E79B}"
EndProject
Project("{9A19103F-16F7-4668-BE54-9A1E7A4F7556}") = "WebSite", "WebSite\WebSite.csproj", "{A358BCE5-D96B-43C7-BFF8-023418D2DFD2}"
EndProject
Global
	GlobalSection(SolutionConfigurationPlatforms) = preSolution
		Debug|Any CPU = Debug|Any CPU
		Release|Any CPU = Release|Any CPU
	EndGlobalSection
	GlobalSection(ProjectConfigurationPlatforms) = postSolution
		{90D3F932-D42F-476A-9B6E-CFF9A05860D2}.Debug|Any CPU.ActiveCfg = Debug|Any CPU
		{90D3F932-D42F-476A-9B6E-CFF9A05860D2}.Debug|Any CPU.Build.0 = Debug|Any CPU
		{90D3F932-D42F-476A-9B6E-CFF9A05860D2}.Release|Any CPU.ActiveCfg = Release|Any CPU
		{90D3F932-D42F-476A-9B6E-CFF9A05860D2}.Release|Any CPU.Build.0 = Release|Any CPU
		{B474AE70-3449-4FE1-8AF5-7BFD30BBC5C8}.Debug|Any CPU.ActiveCfg = Debug|Any CPU
		{B474AE70-3449-4FE1-8AF5-7BFD30BBC5C8}.Debug|Any CPU.Build.0 = Debug|Any CPU
		{B474AE70-3449-4FE1-8AF5-7BFD30BBC5C8}.Release|Any CPU.ActiveCfg = Release|Any CPU
		{B474AE70-3449-4FE1-8AF5-7BFD30BBC5C8}.Release|Any CPU.Build.0 = Release|Any CPU
		{B02FFAAD-B0AF-4266-9A4C-98811E914600}.Debug|Any CPU.ActiveCfg = Debug|Any CPU
		{B02FFAAD-B0AF-4266-9A4C-98811E914600}.Debug|Any CPU.Build.0 = Debug|Any CPU
		{B02FFAAD-B0AF-4266-9A4C-98811E914600}.Release|Any CPU.ActiveCfg = Release|Any CPU
		{B02FFAAD-B0AF-4266-9A4C-98811E914600}.Release|Any CPU.Build.0 = Release|Any CPU
		{AE0F3306-B1EC-4EC9-8202-2ABEB1F40984}.Debug|Any CPU.ActiveCfg = Debug|Any CPU
		{AE0F3306-B1EC-4EC9-8202-2ABEB1F40984}.Debug|Any CPU.Build.0 = Debug|Any CPU
		{AE0F3306-B1EC-4EC9-8202-2ABEB1F40984}.Release|Any CPU.ActiveCfg = Release|Any CPU
		{AE0F3306-B1EC-4EC9-8202-2ABEB1F40984}.Release|Any CPU.Build.0 = Release|Any CPU
		{7946B30A-1BBD-4E33-A1F2-5A4163FF13F6}.Debug|Any CPU.ActiveCfg = Debug|Any CPU
		{7946B30A-1BBD-4E33-A1F2-5A4163FF13F6}.Debug|Any CPU.Build.0 = Debug|Any CPU
		{7946B30A-1BBD-4E33-A1F2-5A4163FF13F6}.Release|Any CPU.ActiveCfg = Release|Any CPU
		{7946B30A-1BBD-4E33-A1F2-5A4163FF13F6}.Release|Any CPU.Build.0 = Release|Any CPU
		{3BDDA5EB-7C54-442C-B9FB-35E8C2A2E79B}.Debug|Any CPU.ActiveCfg = Debug|Any CPU
		{3BDDA5EB-7C54-442C-B9FB-35E8C2A2E79B}.Debug|Any CPU.Build.0 = Debug|Any CPU
		{3BDDA5EB-7C54-442C-B9FB-35E8C2A2E79B}.Release|Any CPU.ActiveCfg = Release|Any CPU
		{3BDDA5EB-7C54-442C-B9FB-35E8C2A2E79B}.Release|Any CPU.Build.0 = Release|Any CPU
		{A358BCE5-D96B-43C7-BFF8-023418D2DFD2}.Debug|Any CPU.ActiveCfg = Debug|Any CPU
		{A358BCE5-D96B-43C7-BFF8-023418D2DFD2}.Debug|Any CPU.Build.0 = Debug|Any CPU
		{A358BCE5-D96B-43C7-BFF8-023418D2DFD2}.Release|Any CPU.ActiveCfg = Release|Any CPU
		{A358BCE5-D96B-43C7-BFF8-023418D2DFD2}.Release|Any CPU.Build.0 = Release|Any CPU
	EndGlobalSection
	GlobalSection(SolutionProperties) = preSolution
		HideSolutionNode = FALSE
	EndGlobalSection
	GlobalSection(ExtensibilityGlobals) = postSolution
		SolutionGuid = {44CD0034-252D-4F5B-9B06-580AAB3C25A3}
	EndGlobalSection
EndGlobal
